
Microsoft Visual Studio Solution File, Format Version 12.00
# Visual Studio 2013
VisualStudioVersion = 12.0.21005.1
MinimumVisualStudioVersion = 10.0.40219.1
Project("{FAE04EC0-301F-11D3-BF4B-00C04F79EFBC}") = "VkNet", "VkNet\VkNet.csproj", "{8B031A92-84D4-4418-8551-18F1AFEECC6C}"
EndProject
Project("{FAE04EC0-301F-11D3-BF4B-00C04F79EFBC}") = "VkNet.Tests", "VkNet.Tests\VkNet.Tests.csproj", "{C54A0446-430F-4471-8779-E9F01728C478}"
EndProject
Project("{FAE04EC0-301F-11D3-BF4B-00C04F79EFBC}") = "VkApiRunner", "VkApiRunner\VkApiRunner.csproj", "{4C9E8D81-3E14-47B7-BEA9-05A08E7F4570}"
EndProject
Project("{FAE04EC0-301F-11D3-BF4B-00C04F79EFBC}") = "VkWikiGenerator", "VkWikiGenerator\VkWikiGenerator.csproj", "{68AF3A88-D51B-4653-A837-8A9EB11DE726}"
EndProject
Global
	GlobalSection(SolutionConfigurationPlatforms) = preSolution
		Debug|Any CPU = Debug|Any CPU
		Release|Any CPU = Release|Any CPU
	EndGlobalSection
	GlobalSection(ProjectConfigurationPlatforms) = postSolution
		{8B031A92-84D4-4418-8551-18F1AFEECC6C}.Debug|Any CPU.ActiveCfg = Debug|Any CPU
		{8B031A92-84D4-4418-8551-18F1AFEECC6C}.Debug|Any CPU.Build.0 = Debug|Any CPU
		{8B031A92-84D4-4418-8551-18F1AFEECC6C}.Release|Any CPU.ActiveCfg = Release|Any CPU
		{8B031A92-84D4-4418-8551-18F1AFEECC6C}.Release|Any CPU.Build.0 = Release|Any CPU
		{C54A0446-430F-4471-8779-E9F01728C478}.Debug|Any CPU.ActiveCfg = Debug|Any CPU
		{C54A0446-430F-4471-8779-E9F01728C478}.Debug|Any CPU.Build.0 = Debug|Any CPU
		{C54A0446-430F-4471-8779-E9F01728C478}.Release|Any CPU.ActiveCfg = Release|Any CPU
		{C54A0446-430F-4471-8779-E9F01728C478}.Release|Any CPU.Build.0 = Release|Any CPU
		{4C9E8D81-3E14-47B7-BEA9-05A08E7F4570}.Debug|Any CPU.ActiveCfg = Debug|Any CPU
		{4C9E8D81-3E14-47B7-BEA9-05A08E7F4570}.Debug|Any CPU.Build.0 = Debug|Any CPU
		{4C9E8D81-3E14-47B7-BEA9-05A08E7F4570}.Release|Any CPU.ActiveCfg = Release|Any CPU
		{4C9E8D81-3E14-47B7-BEA9-05A08E7F4570}.Release|Any CPU.Build.0 = Release|Any CPU
		{68AF3A88-D51B-4653-A837-8A9EB11DE726}.Debug|Any CPU.ActiveCfg = Debug|Any CPU
		{68AF3A88-D51B-4653-A837-8A9EB11DE726}.Debug|Any CPU.Build.0 = Debug|Any CPU
		{68AF3A88-D51B-4653-A837-8A9EB11DE726}.Release|Any CPU.ActiveCfg = Release|Any CPU
		{68AF3A88-D51B-4653-A837-8A9EB11DE726}.Release|Any CPU.Build.0 = Release|Any CPU
	EndGlobalSection
	GlobalSection(SolutionProperties) = preSolution
		HideSolutionNode = FALSE
	EndGlobalSection
EndGlobal
