
Microsoft Visual Studio Solution File, Format Version 11.00
# Visual Studio 2010
Project("{FAE04EC0-301F-11D3-BF4B-00C04F79EFBC}") = "VkToolkit.WP7", "VkToolkit\VkToolkit.WP7.csproj", "{B2CFCD6B-19AE-42DC-A1A6-F09103EF5D2C}"
EndProject
Project("{2150E333-8FDC-42A3-9474-1A3956D46DE8}") = "Tests", "Tests", "{6A11658C-E4FD-4B17-8E0A-63D0C38C185C}"
EndProject
Project("{FAE04EC0-301F-11D3-BF4B-00C04F79EFBC}") = "VkToolkit.WP7.Tests", "VkToolkit.Tests\VkToolkit.WP7.Tests.csproj", "{0DBBF441-6611-4C13-8391-BEF3AC727D48}"
EndProject
Global
	GlobalSection(SolutionConfigurationPlatforms) = preSolution
		Debug|Any CPU = Debug|Any CPU
		Release|Any CPU = Release|Any CPU
	EndGlobalSection
	GlobalSection(ProjectConfigurationPlatforms) = postSolution
		{B2CFCD6B-19AE-42DC-A1A6-F09103EF5D2C}.Debug|Any CPU.ActiveCfg = Debug|Any CPU
		{B2CFCD6B-19AE-42DC-A1A6-F09103EF5D2C}.Debug|Any CPU.Build.0 = Debug|Any CPU
		{B2CFCD6B-19AE-42DC-A1A6-F09103EF5D2C}.Release|Any CPU.ActiveCfg = Release|Any CPU
		{B2CFCD6B-19AE-42DC-A1A6-F09103EF5D2C}.Release|Any CPU.Build.0 = Release|Any CPU
		{0DBBF441-6611-4C13-8391-BEF3AC727D48}.Debug|Any CPU.ActiveCfg = Debug|Any CPU
		{0DBBF441-6611-4C13-8391-BEF3AC727D48}.Debug|Any CPU.Build.0 = Debug|Any CPU
		{0DBBF441-6611-4C13-8391-BEF3AC727D48}.Release|Any CPU.ActiveCfg = Release|Any CPU
		{0DBBF441-6611-4C13-8391-BEF3AC727D48}.Release|Any CPU.Build.0 = Release|Any CPU
	EndGlobalSection
	GlobalSection(SolutionProperties) = preSolution
		HideSolutionNode = FALSE
	EndGlobalSection
	GlobalSection(NestedProjects) = preSolution
		{0DBBF441-6611-4C13-8391-BEF3AC727D48} = {6A11658C-E4FD-4B17-8E0A-63D0C38C185C}
	EndGlobalSection
EndGlobal
